
Microsoft Visual Studio Solution File, Format Version 12.00
# Visual Studio Version 17
VisualStudioVersion = 17.7.34221.43
MinimumVisualStudioVersion = 10.0.40219.1
Project("{FAE04EC0-301F-11D3-BF4B-00C04F79EFBC}") = "TiledTest", "TiledTest.csproj", "{E69BCCB9-BB84-43C9-8E74-A8A954A3B559}"
EndProject
Global
	GlobalSection(SolutionConfigurationPlatforms) = preSolution
		Debug|Any CPU = Debug|Any CPU
		Release|Any CPU = Release|Any CPU
	EndGlobalSection
	GlobalSection(ProjectConfigurationPlatforms) = postSolution
		{E69BCCB9-BB84-43C9-8E74-A8A954A3B559}.Debug|Any CPU.ActiveCfg = Debug|Any CPU
		{E69BCCB9-BB84-43C9-8E74-A8A954A3B559}.Debug|Any CPU.Build.0 = Debug|Any CPU
		{E69BCCB9-BB84-43C9-8E74-A8A954A3B559}.Release|Any CPU.ActiveCfg = Release|Any CPU
		{E69BCCB9-BB84-43C9-8E74-A8A954A3B559}.Release|Any CPU.Build.0 = Release|Any CPU
	EndGlobalSection
	GlobalSection(SolutionProperties) = preSolution
		HideSolutionNode = FALSE
	EndGlobalSection
	GlobalSection(ExtensibilityGlobals) = postSolution
		SolutionGuid = {18A0ABD6-17E5-439D-B125-23B3AB512D49}
	EndGlobalSection
EndGlobal
